
Microsoft Visual Studio Solution File, Format Version 12.00
# Visual Studio Version 17
VisualStudioVersion = 17.0.31903.59
MinimumVisualStudioVersion = 10.0.40219.1
Project("{2150E333-8FDC-42A3-9474-1A3956D46DE8}") = "src", "src", "{868C0079-91CA-4176-9261-9954E108C05A}"
EndProject
Project("{FAE04EC0-301F-11D3-BF4B-00C04F79EFBC}") = "AuctionService", "src\AuctionService\AuctionService.csproj", "{0D8D94BF-E365-4FB6-A923-15099FBFEE43}"
EndProject
Global
	GlobalSection(SolutionConfigurationPlatforms) = preSolution
		Debug|Any CPU = Debug|Any CPU
		Release|Any CPU = Release|Any CPU
	EndGlobalSection
	GlobalSection(SolutionProperties) = preSolution
		HideSolutionNode = FALSE
	EndGlobalSection
	GlobalSection(ProjectConfigurationPlatforms) = postSolution
		{0D8D94BF-E365-4FB6-A923-15099FBFEE43}.Debug|Any CPU.ActiveCfg = Debug|Any CPU
		{0D8D94BF-E365-4FB6-A923-15099FBFEE43}.Debug|Any CPU.Build.0 = Debug|Any CPU
		{0D8D94BF-E365-4FB6-A923-15099FBFEE43}.Release|Any CPU.ActiveCfg = Release|Any CPU
		{0D8D94BF-E365-4FB6-A923-15099FBFEE43}.Release|Any CPU.Build.0 = Release|Any CPU
	EndGlobalSection
	GlobalSection(NestedProjects) = preSolution
		{0D8D94BF-E365-4FB6-A923-15099FBFEE43} = {868C0079-91CA-4176-9261-9954E108C05A}
	EndGlobalSection
EndGlobal
