
Microsoft Visual Studio Solution File, Format Version 12.00
# Visual Studio Version 17
VisualStudioVersion = 17.0.31903.59
MinimumVisualStudioVersion = 10.0.40219.1
Project("{2150E333-8FDC-42A3-9474-1A3956D46DE8}") = "src", "src", "{868C0079-91CA-4176-9261-9954E108C05A}"
EndProject
Project("{FAE04EC0-301F-11D3-BF4B-00C04F79EFBC}") = "AuctionService", "src\AuctionService\AuctionService.csproj", "{0D8D94BF-E365-4FB6-A923-15099FBFEE43}"
EndProject
Project("{FAE04EC0-301F-11D3-BF4B-00C04F79EFBC}") = "SearchService", "src\SearchService\SearchService.csproj", "{3744E244-E986-4E63-9F2F-FAC5969D9B5E}"
EndProject
Project("{FAE04EC0-301F-11D3-BF4B-00C04F79EFBC}") = "Contracts", "src\Contracts\Contracts.csproj", "{0246902B-D904-4272-A156-1AF5D1DFF561}"
EndProject
Project("{FAE04EC0-301F-11D3-BF4B-00C04F79EFBC}") = "IdentityService", "src\IdentityService\IdentityService.csproj", "{21D28226-5B37-4451-8E1B-CCA7E436BB6B}"
EndProject
Project("{FAE04EC0-301F-11D3-BF4B-00C04F79EFBC}") = "GatewayService", "src\GatewayService\GatewayService.csproj", "{855FDEDB-B250-408C-859D-5D07F7D59A9D}"
EndProject
Project("{2150E333-8FDC-42A3-9474-1A3956D46DE8}") = "tests", "tests", "{9991FFAD-4103-4FC7-AECB-4C67021A628A}"
EndProject
Project("{FAE04EC0-301F-11D3-BF4B-00C04F79EFBC}") = "AuctionService.UnitTests", "tests\AuctionService.UnitTests\AuctionService.UnitTests.csproj", "{98DE5CD6-61A3-45BE-8A28-5BDEFC6FCA2F}"
EndProject
Project("{FAE04EC0-301F-11D3-BF4B-00C04F79EFBC}") = "AuctionService.IntegrationTests", "tests\AuctionService.IntegrationTests\AuctionService.IntegrationTests.csproj", "{35FB7B77-D8EF-4680-ABF9-3C43C6496C76}"
EndProject
Project("{FAE04EC0-301F-11D3-BF4B-00C04F79EFBC}") = "BiddingService", "src\BiddingService\BiddingService.csproj", "{E806064F-A3C3-43F5-A9FA-0B55668CC1C0}"
EndProject
Project("{FAE04EC0-301F-11D3-BF4B-00C04F79EFBC}") = "NotificationService", "src\NotificationService\NotificationService.csproj", "{2686F415-328F-4305-9B75-4AE0BBF306AC}"
EndProject
Global
	GlobalSection(SolutionConfigurationPlatforms) = preSolution
		Debug|Any CPU = Debug|Any CPU
		Release|Any CPU = Release|Any CPU
	EndGlobalSection
	GlobalSection(SolutionProperties) = preSolution
		HideSolutionNode = FALSE
	EndGlobalSection
	GlobalSection(ProjectConfigurationPlatforms) = postSolution
		{0D8D94BF-E365-4FB6-A923-15099FBFEE43}.Debug|Any CPU.ActiveCfg = Debug|Any CPU
		{0D8D94BF-E365-4FB6-A923-15099FBFEE43}.Debug|Any CPU.Build.0 = Debug|Any CPU
		{0D8D94BF-E365-4FB6-A923-15099FBFEE43}.Release|Any CPU.ActiveCfg = Release|Any CPU
		{0D8D94BF-E365-4FB6-A923-15099FBFEE43}.Release|Any CPU.Build.0 = Release|Any CPU
		{3744E244-E986-4E63-9F2F-FAC5969D9B5E}.Debug|Any CPU.ActiveCfg = Debug|Any CPU
		{3744E244-E986-4E63-9F2F-FAC5969D9B5E}.Debug|Any CPU.Build.0 = Debug|Any CPU
		{3744E244-E986-4E63-9F2F-FAC5969D9B5E}.Release|Any CPU.ActiveCfg = Release|Any CPU
		{3744E244-E986-4E63-9F2F-FAC5969D9B5E}.Release|Any CPU.Build.0 = Release|Any CPU
		{0246902B-D904-4272-A156-1AF5D1DFF561}.Debug|Any CPU.ActiveCfg = Debug|Any CPU
		{0246902B-D904-4272-A156-1AF5D1DFF561}.Debug|Any CPU.Build.0 = Debug|Any CPU
		{0246902B-D904-4272-A156-1AF5D1DFF561}.Release|Any CPU.ActiveCfg = Release|Any CPU
		{0246902B-D904-4272-A156-1AF5D1DFF561}.Release|Any CPU.Build.0 = Release|Any CPU
		{21D28226-5B37-4451-8E1B-CCA7E436BB6B}.Debug|Any CPU.ActiveCfg = Debug|Any CPU
		{21D28226-5B37-4451-8E1B-CCA7E436BB6B}.Debug|Any CPU.Build.0 = Debug|Any CPU
		{21D28226-5B37-4451-8E1B-CCA7E436BB6B}.Release|Any CPU.ActiveCfg = Release|Any CPU
		{21D28226-5B37-4451-8E1B-CCA7E436BB6B}.Release|Any CPU.Build.0 = Release|Any CPU
		{855FDEDB-B250-408C-859D-5D07F7D59A9D}.Debug|Any CPU.ActiveCfg = Debug|Any CPU
		{855FDEDB-B250-408C-859D-5D07F7D59A9D}.Debug|Any CPU.Build.0 = Debug|Any CPU
		{855FDEDB-B250-408C-859D-5D07F7D59A9D}.Release|Any CPU.ActiveCfg = Release|Any CPU
		{855FDEDB-B250-408C-859D-5D07F7D59A9D}.Release|Any CPU.Build.0 = Release|Any CPU
		{98DE5CD6-61A3-45BE-8A28-5BDEFC6FCA2F}.Debug|Any CPU.ActiveCfg = Debug|Any CPU
		{98DE5CD6-61A3-45BE-8A28-5BDEFC6FCA2F}.Debug|Any CPU.Build.0 = Debug|Any CPU
		{98DE5CD6-61A3-45BE-8A28-5BDEFC6FCA2F}.Release|Any CPU.ActiveCfg = Release|Any CPU
		{98DE5CD6-61A3-45BE-8A28-5BDEFC6FCA2F}.Release|Any CPU.Build.0 = Release|Any CPU
		{35FB7B77-D8EF-4680-ABF9-3C43C6496C76}.Debug|Any CPU.ActiveCfg = Debug|Any CPU
		{35FB7B77-D8EF-4680-ABF9-3C43C6496C76}.Debug|Any CPU.Build.0 = Debug|Any CPU
		{35FB7B77-D8EF-4680-ABF9-3C43C6496C76}.Release|Any CPU.ActiveCfg = Release|Any CPU
		{35FB7B77-D8EF-4680-ABF9-3C43C6496C76}.Release|Any CPU.Build.0 = Release|Any CPU
		{E806064F-A3C3-43F5-A9FA-0B55668CC1C0}.Debug|Any CPU.ActiveCfg = Debug|Any CPU
		{E806064F-A3C3-43F5-A9FA-0B55668CC1C0}.Debug|Any CPU.Build.0 = Debug|Any CPU
		{E806064F-A3C3-43F5-A9FA-0B55668CC1C0}.Release|Any CPU.ActiveCfg = Release|Any CPU
		{E806064F-A3C3-43F5-A9FA-0B55668CC1C0}.Release|Any CPU.Build.0 = Release|Any CPU
		{2686F415-328F-4305-9B75-4AE0BBF306AC}.Debug|Any CPU.ActiveCfg = Debug|Any CPU
		{2686F415-328F-4305-9B75-4AE0BBF306AC}.Debug|Any CPU.Build.0 = Debug|Any CPU
		{2686F415-328F-4305-9B75-4AE0BBF306AC}.Release|Any CPU.ActiveCfg = Release|Any CPU
		{2686F415-328F-4305-9B75-4AE0BBF306AC}.Release|Any CPU.Build.0 = Release|Any CPU
	EndGlobalSection
	GlobalSection(NestedProjects) = preSolution
		{0D8D94BF-E365-4FB6-A923-15099FBFEE43} = {868C0079-91CA-4176-9261-9954E108C05A}
		{3744E244-E986-4E63-9F2F-FAC5969D9B5E} = {868C0079-91CA-4176-9261-9954E108C05A}
		{0246902B-D904-4272-A156-1AF5D1DFF561} = {868C0079-91CA-4176-9261-9954E108C05A}
		{21D28226-5B37-4451-8E1B-CCA7E436BB6B} = {868C0079-91CA-4176-9261-9954E108C05A}
		{855FDEDB-B250-408C-859D-5D07F7D59A9D} = {868C0079-91CA-4176-9261-9954E108C05A}
		{98DE5CD6-61A3-45BE-8A28-5BDEFC6FCA2F} = {9991FFAD-4103-4FC7-AECB-4C67021A628A}
		{35FB7B77-D8EF-4680-ABF9-3C43C6496C76} = {9991FFAD-4103-4FC7-AECB-4C67021A628A}
		{E806064F-A3C3-43F5-A9FA-0B55668CC1C0} = {868C0079-91CA-4176-9261-9954E108C05A}
		{2686F415-328F-4305-9B75-4AE0BBF306AC} = {868C0079-91CA-4176-9261-9954E108C05A}
	EndGlobalSection
EndGlobal
